
Microsoft Visual Studio Solution File, Format Version 12.00
# Visual Studio Version 17
VisualStudioVersion = 17.9.34607.119
MinimumVisualStudioVersion = 10.0.40219.1
Project("{FAE04EC0-301F-11D3-BF4B-00C04F79EFBC}") = "DLLForRMS", "DLLForRMS\DLLForRMS.csproj", "{FA5637BD-FB69-4072-85A6-1ABF3B212FA0}"
EndProject
Global
	GlobalSection(SolutionConfigurationPlatforms) = preSolution
		Debug|Any CPU = Debug|Any CPU
		Release|Any CPU = Release|Any CPU
	EndGlobalSection
	GlobalSection(ProjectConfigurationPlatforms) = postSolution
		{FA5637BD-FB69-4072-85A6-1ABF3B212FA0}.Debug|Any CPU.ActiveCfg = Debug|Any CPU
		{FA5637BD-FB69-4072-85A6-1ABF3B212FA0}.Debug|Any CPU.Build.0 = Debug|Any CPU
		{FA5637BD-FB69-4072-85A6-1ABF3B212FA0}.Release|Any CPU.ActiveCfg = Release|Any CPU
		{FA5637BD-FB69-4072-85A6-1ABF3B212FA0}.Release|Any CPU.Build.0 = Release|Any CPU
	EndGlobalSection
	GlobalSection(SolutionProperties) = preSolution
		HideSolutionNode = FALSE
	EndGlobalSection
	GlobalSection(ExtensibilityGlobals) = postSolution
		SolutionGuid = {B9AE8F9E-FC82-48F7-B493-058A1F2410C7}
	EndGlobalSection
EndGlobal
